// !$*UTF8*$!
{
	archiveVersion = 1;
	classes = {
	};
	objectVersion = 48;
	objects = {

/* Begin PBXBuildFile section */
		AE2237A120DBB735008048AD /* AppDelegate.swift in Sources */ = {isa = PBXBuildFile; fileRef = AE2237A020DBB735008048AD /* AppDelegate.swift */; };
		AE2237A320DBB735008048AD /* ViewController.swift in Sources */ = {isa = PBXBuildFile; fileRef = AE2237A220DBB735008048AD /* ViewController.swift */; };
		AE2237A620DBB735008048AD /* Main.storyboard in Resources */ = {isa = PBXBuildFile; fileRef = AE2237A420DBB735008048AD /* Main.storyboard */; };
		AE2237A920DBB735008048AD /* FaceIdentification.xcdatamodeld in Sources */ = {isa = PBXBuildFile; fileRef = AE2237A720DBB735008048AD /* FaceIdentification.xcdatamodeld */; };
		AE2237AB20DBB735008048AD /* Assets.xcassets in Resources */ = {isa = PBXBuildFile; fileRef = AE2237AA20DBB735008048AD /* Assets.xcassets */; };
		AE2237AE20DBB735008048AD /* LaunchScreen.storyboard in Resources */ = {isa = PBXBuildFile; fileRef = AE2237AC20DBB735008048AD /* LaunchScreen.storyboard */; };
		AE2237BB20DBBE1D008048AD /* PersonFace.swift in Sources */ = {isa = PBXBuildFile; fileRef = AE2237BA20DBBE1D008048AD /* PersonFace.swift */; };
		AE2237BD20DBC537008048AD /* PersonGroup.swift in Sources */ = {isa = PBXBuildFile; fileRef = AE2237BC20DBC537008048AD /* PersonGroup.swift */; };
		AE2237BF20DBCAC6008048AD /* GroupPerson.swift in Sources */ = {isa = PBXBuildFile; fileRef = AE2237BE20DBCAC6008048AD /* GroupPerson.swift */; };
		AE877DE120E3C6B0003F4F4C /* DetectFaceTableViewCell.swift in Sources */ = {isa = PBXBuildFile; fileRef = AE877DE020E3C6B0003F4F4C /* DetectFaceTableViewCell.swift */; };
		AE90BEB820E21B760094FF8E /* IdentificationTableViewCell.swift in Sources */ = {isa = PBXBuildFile; fileRef = AE90BEB720E21B760094FF8E /* IdentificationTableViewCell.swift */; };
		AE90BEBA20E26B2C0094FF8E /* GroupPersonCollectionViewCell.swift in Sources */ = {isa = PBXBuildFile; fileRef = AE90BEB920E26B2C0094FF8E /* GroupPersonCollectionViewCell.swift */; };
		AE90BEBC20E26B410094FF8E /* PersonFaceCollectionViewCell.swift in Sources */ = {isa = PBXBuildFile; fileRef = AE90BEBB20E26B410094FF8E /* PersonFaceCollectionViewCell.swift */; };
		AE90BEBE20E281740094FF8E /* FaceCollectionViewCell.swift in Sources */ = {isa = PBXBuildFile; fileRef = AE90BEBD20E281740094FF8E /* FaceCollectionViewCell.swift */; };
		AE986C3020DCBAEC00F9585D /* HomeViewController.swift in Sources */ = {isa = PBXBuildFile; fileRef = AE986C2F20DCBAEC00F9585D /* HomeViewController.swift */; };
		AE986C3220DCD1ED00F9585D /* DetectionViewController.swift in Sources */ = {isa = PBXBuildFile; fileRef = AE986C3120DCD1ED00F9585D /* DetectionViewController.swift */; };
		AE986C3420DCD1FD00F9585D /* IdentificationViewController.swift in Sources */ = {isa = PBXBuildFile; fileRef = AE986C3320DCD1FD00F9585D /* IdentificationViewController.swift */; };
		AE986C3620DCD22000F9585D /* SelectImageViewController.swift in Sources */ = {isa = PBXBuildFile; fileRef = AE986C3520DCD22000F9585D /* SelectImageViewController.swift */; };
		AE986C3820DCD24600F9585D /* PersonGroupListViewController.swift in Sources */ = {isa = PBXBuildFile; fileRef = AE986C3720DCD24600F9585D /* PersonGroupListViewController.swift */; };
		AE986C3A20DCD26200F9585D /* PersonGroupViewController.swift in Sources */ = {isa = PBXBuildFile; fileRef = AE986C3920DCD26200F9585D /* PersonGroupViewController.swift */; };
		AE986C3C20DCD27B00F9585D /* PersonViewController.swift in Sources */ = {isa = PBXBuildFile; fileRef = AE986C3B20DCD27B00F9585D /* PersonViewController.swift */; };
		AE986C3E20DCD30900F9585D /* AddFacesToPersonViewController.swift in Sources */ = {isa = PBXBuildFile; fileRef = AE986C3D20DCD30900F9585D /* AddFacesToPersonViewController.swift */; };
		C3F3AF5B8B2AED7DDD188421 /* Pods_FaceIdentification.framework in Frameworks */ = {isa = PBXBuildFile; fileRef = 8077803DE91ABC1C9BEE0313 /* Pods_FaceIdentification.framework */; };
/* End PBXBuildFile section */

/* Begin PBXFileReference section */
		8077803DE91ABC1C9BEE0313 /* Pods_FaceIdentification.framework */ = {isa = PBXFileReference; explicitFileType = wrapper.framework; includeInIndex = 0; path = Pods_FaceIdentification.framework; sourceTree = BUILT_PRODUCTS_DIR; };
		AE22379D20DBB735008048AD /* FaceIdentification.app */ = {isa = PBXFileReference; explicitFileType = wrapper.application; includeInIndex = 0; path = FaceIdentification.app; sourceTree = BUILT_PRODUCTS_DIR; };
		AE2237A020DBB735008048AD /* AppDelegate.swift */ = {isa = PBXFileReference; lastKnownFileType = sourcecode.swift; path = AppDelegate.swift; sourceTree = "<group>"; };
		AE2237A220DBB735008048AD /* ViewController.swift */ = {isa = PBXFileReference; lastKnownFileType = sourcecode.swift; path = ViewController.swift; sourceTree = "<group>"; };
		AE2237A520DBB735008048AD /* Base */ = {isa = PBXFileReference; lastKnownFileType = file.storyboard; name = Base; path = Base.lproj/Main.storyboard; sourceTree = "<group>"; };
		AE2237A820DBB735008048AD /* FaceIdentification.xcdatamodel */ = {isa = PBXFileReference; lastKnownFileType = wrapper.xcdatamodel; path = FaceIdentification.xcdatamodel; sourceTree = "<group>"; };
		AE2237AA20DBB735008048AD /* Assets.xcassets */ = {isa = PBXFileReference; lastKnownFileType = folder.assetcatalog; path = Assets.xcassets; sourceTree = "<group>"; };
		AE2237AD20DBB735008048AD /* Base */ = {isa = PBXFileReference; lastKnownFileType = file.storyboard; name = Base; path = Base.lproj/LaunchScreen.storyboard; sourceTree = "<group>"; };
		AE2237AF20DBB735008048AD /* Info.plist */ = {isa = PBXFileReference; lastKnownFileType = text.plist.xml; path = Info.plist; sourceTree = "<group>"; };
		AE2237B620DBBA9C008048AD /* FaceIdentification-Bridging-Header.h */ = {isa = PBXFileReference; lastKnownFileType = sourcecode.c.h; path = "FaceIdentification-Bridging-Header.h"; sourceTree = "<group>"; };
		AE2237BA20DBBE1D008048AD /* PersonFace.swift */ = {isa = PBXFileReference; lastKnownFileType = sourcecode.swift; path = PersonFace.swift; sourceTree = "<group>"; };
		AE2237BC20DBC537008048AD /* PersonGroup.swift */ = {isa = PBXFileReference; lastKnownFileType = sourcecode.swift; path = PersonGroup.swift; sourceTree = "<group>"; };
		AE2237BE20DBCAC6008048AD /* GroupPerson.swift */ = {isa = PBXFileReference; lastKnownFileType = sourcecode.swift; path = GroupPerson.swift; sourceTree = "<group>"; };
		AE877DE020E3C6B0003F4F4C /* DetectFaceTableViewCell.swift */ = {isa = PBXFileReference; lastKnownFileType = sourcecode.swift; path = DetectFaceTableViewCell.swift; sourceTree = "<group>"; };
		AE90BEB720E21B760094FF8E /* IdentificationTableViewCell.swift */ = {isa = PBXFileReference; lastKnownFileType = sourcecode.swift; path = IdentificationTableViewCell.swift; sourceTree = "<group>"; };
		AE90BEB920E26B2C0094FF8E /* GroupPersonCollectionViewCell.swift */ = {isa = PBXFileReference; lastKnownFileType = sourcecode.swift; path = GroupPersonCollectionViewCell.swift; sourceTree = "<group>"; };
		AE90BEBB20E26B410094FF8E /* PersonFaceCollectionViewCell.swift */ = {isa = PBXFileReference; lastKnownFileType = sourcecode.swift; path = PersonFaceCollectionViewCell.swift; sourceTree = "<group>"; };
		AE90BEBD20E281740094FF8E /* FaceCollectionViewCell.swift */ = {isa = PBXFileReference; lastKnownFileType = sourcecode.swift; path = FaceCollectionViewCell.swift; sourceTree = "<group>"; };
		AE986C2F20DCBAEC00F9585D /* HomeViewController.swift */ = {isa = PBXFileReference; lastKnownFileType = sourcecode.swift; path = HomeViewController.swift; sourceTree = "<group>"; };
		AE986C3120DCD1ED00F9585D /* DetectionViewController.swift */ = {isa = PBXFileReference; lastKnownFileType = sourcecode.swift; path = DetectionViewController.swift; sourceTree = "<group>"; };
		AE986C3320DCD1FD00F9585D /* IdentificationViewController.swift */ = {isa = PBXFileReference; lastKnownFileType = sourcecode.swift; path = IdentificationViewController.swift; sourceTree = "<group>"; };
		AE986C3520DCD22000F9585D /* SelectImageViewController.swift */ = {isa = PBXFileReference; lastKnownFileType = sourcecode.swift; path = SelectImageViewController.swift; sourceTree = "<group>"; };
		AE986C3720DCD24600F9585D /* PersonGroupListViewController.swift */ = {isa = PBXFileReference; lastKnownFileType = sourcecode.swift; path = PersonGroupListViewController.swift; sourceTree = "<group>"; };
		AE986C3920DCD26200F9585D /* PersonGroupViewController.swift */ = {isa = PBXFileReference; lastKnownFileType = sourcecode.swift; path = PersonGroupViewController.swift; sourceTree = "<group>"; };
		AE986C3B20DCD27B00F9585D /* PersonViewController.swift */ = {isa = PBXFileReference; lastKnownFileType = sourcecode.swift; path = PersonViewController.swift; sourceTree = "<group>"; };
		AE986C3D20DCD30900F9585D /* AddFacesToPersonViewController.swift */ = {isa = PBXFileReference; lastKnownFileType = sourcecode.swift; path = AddFacesToPersonViewController.swift; sourceTree = "<group>"; };
		B52139AC756E3FA640940F8E /* Pods-FaceIdentification.release.xcconfig */ = {isa = PBXFileReference; includeInIndex = 1; lastKnownFileType = text.xcconfig; name = "Pods-FaceIdentification.release.xcconfig"; path = "Pods/Target Support Files/Pods-FaceIdentification/Pods-FaceIdentification.release.xcconfig"; sourceTree = "<group>"; };
		BDDDDCBF2508644336F6BB29 /* Pods-FaceIdentification.debug.xcconfig */ = {isa = PBXFileReference; includeInIndex = 1; lastKnownFileType = text.xcconfig; name = "Pods-FaceIdentification.debug.xcconfig"; path = "Pods/Target Support Files/Pods-FaceIdentification/Pods-FaceIdentification.debug.xcconfig"; sourceTree = "<group>"; };
/* End PBXFileReference section */

/* Begin PBXFrameworksBuildPhase section */
		AE22379A20DBB735008048AD /* Frameworks */ = {
			isa = PBXFrameworksBuildPhase;
			buildActionMask = 2147483647;
			files = (
				C3F3AF5B8B2AED7DDD188421 /* Pods_FaceIdentification.framework in Frameworks */,
			);
			runOnlyForDeploymentPostprocessing = 0;
		};
/* End PBXFrameworksBuildPhase section */

/* Begin PBXGroup section */
		A39278EB9DA3668087BBE4E8 /* Frameworks */ = {
			isa = PBXGroup;
			children = (
				8077803DE91ABC1C9BEE0313 /* Pods_FaceIdentification.framework */,
			);
			name = Frameworks;
			sourceTree = "<group>";
		};
		AE22379420DBB735008048AD = {
			isa = PBXGroup;
			children = (
				AE22379F20DBB735008048AD /* FaceIdentification */,
				AE22379E20DBB735008048AD /* Products */,
				C6D09FD5F2FE9194C4D16C8C /* Pods */,
				A39278EB9DA3668087BBE4E8 /* Frameworks */,
			);
			sourceTree = "<group>";
		};
		AE22379E20DBB735008048AD /* Products */ = {
			isa = PBXGroup;
			children = (
				AE22379D20DBB735008048AD /* FaceIdentification.app */,
			);
			name = Products;
			sourceTree = "<group>";
		};
		AE22379F20DBB735008048AD /* FaceIdentification */ = {
			isa = PBXGroup;
			children = (
				AE2237A020DBB735008048AD /* AppDelegate.swift */,
				AE2237A220DBB735008048AD /* ViewController.swift */,
				AE986C2F20DCBAEC00F9585D /* HomeViewController.swift */,
				AE986C3320DCD1FD00F9585D /* IdentificationViewController.swift */,
				AE986C3120DCD1ED00F9585D /* DetectionViewController.swift */,
				AE877DE020E3C6B0003F4F4C /* DetectFaceTableViewCell.swift */,
				AE986C3520DCD22000F9585D /* SelectImageViewController.swift */,
				AE986C3720DCD24600F9585D /* PersonGroupListViewController.swift */,
				AE986C3920DCD26200F9585D /* PersonGroupViewController.swift */,
				AE986C3B20DCD27B00F9585D /* PersonViewController.swift */,
				AE986C3D20DCD30900F9585D /* AddFacesToPersonViewController.swift */,
				AE90BEB720E21B760094FF8E /* IdentificationTableViewCell.swift */,
				AE90BEB920E26B2C0094FF8E /* GroupPersonCollectionViewCell.swift */,
				AE90BEBB20E26B410094FF8E /* PersonFaceCollectionViewCell.swift */,
				AE90BEBD20E281740094FF8E /* FaceCollectionViewCell.swift */,
				AE2237A420DBB735008048AD /* Main.storyboard */,
				AE2237AA20DBB735008048AD /* Assets.xcassets */,
				AE2237AC20DBB735008048AD /* LaunchScreen.storyboard */,
				AE2237AF20DBB735008048AD /* Info.plist */,
				AE2237A720DBB735008048AD /* FaceIdentification.xcdatamodeld */,
				AE2237B620DBBA9C008048AD /* FaceIdentification-Bridging-Header.h */,
				AE2237BA20DBBE1D008048AD /* PersonFace.swift */,
				AE2237BE20DBCAC6008048AD /* GroupPerson.swift */,
				AE2237BC20DBC537008048AD /* PersonGroup.swift */,
			);
			path = FaceIdentification;
			sourceTree = "<group>";
		};
		C6D09FD5F2FE9194C4D16C8C /* Pods */ = {
			isa = PBXGroup;
			children = (
				BDDDDCBF2508644336F6BB29 /* Pods-FaceIdentification.debug.xcconfig */,
				B52139AC756E3FA640940F8E /* Pods-FaceIdentification.release.xcconfig */,
			);
			name = Pods;
			sourceTree = "<group>";
		};
/* End PBXGroup section */

/* Begin PBXNativeTarget section */
		AE22379C20DBB735008048AD /* FaceIdentification */ = {
			isa = PBXNativeTarget;
			buildConfigurationList = AE2237B220DBB735008048AD /* Build configuration list for PBXNativeTarget "FaceIdentification" */;
			buildPhases = (
				4C461986993D30B2643AAAC6 /* [CP] Check Pods Manifest.lock */,
				AE22379920DBB735008048AD /* Sources */,
				AE22379A20DBB735008048AD /* Frameworks */,
				AE22379B20DBB735008048AD /* Resources */,
				E2AD9C9E36FD62FA0E7B69CC /* [CP] Embed Pods Frameworks */,
				2D0719F6E2841E107633073A /* [CP] Copy Pods Resources */,
			);
			buildRules = (
			);
			dependencies = (
			);
			name = FaceIdentification;
			productName = FaceIdentification;
			productReference = AE22379D20DBB735008048AD /* FaceIdentification.app */;
			productType = "com.apple.product-type.application";
		};
/* End PBXNativeTarget section */

/* Begin PBXProject section */
		AE22379520DBB735008048AD /* Project object */ = {
			isa = PBXProject;
			attributes = {
				LastSwiftUpdateCheck = 0920;
				LastUpgradeCheck = 0920;
				ORGANIZATIONNAME = iDev;
				TargetAttributes = {
					AE22379C20DBB735008048AD = {
						CreatedOnToolsVersion = 9.2;
						LastSwiftMigration = 0920;
						ProvisioningStyle = Automatic;
					};
				};
			};
			buildConfigurationList = AE22379820DBB735008048AD /* Build configuration list for PBXProject "FaceIdentification" */;
			compatibilityVersion = "Xcode 8.0";
			developmentRegion = en;
			hasScannedForEncodings = 0;
			knownRegions = (
				en,
				Base,
			);
			mainGroup = AE22379420DBB735008048AD;
			productRefGroup = AE22379E20DBB735008048AD /* Products */;
			projectDirPath = "";
			projectRoot = "";
			targets = (
				AE22379C20DBB735008048AD /* FaceIdentification */,
			);
		};
/* End PBXProject section */

/* Begin PBXResourcesBuildPhase section */
		AE22379B20DBB735008048AD /* Resources */ = {
			isa = PBXResourcesBuildPhase;
			buildActionMask = 2147483647;
			files = (
				AE2237AE20DBB735008048AD /* LaunchScreen.storyboard in Resources */,
				AE2237AB20DBB735008048AD /* Assets.xcassets in Resources */,
				AE2237A620DBB735008048AD /* Main.storyboard in Resources */,
			);
			runOnlyForDeploymentPostprocessing = 0;
		};
/* End PBXResourcesBuildPhase section */

/* Begin PBXShellScriptBuildPhase section */
		2D0719F6E2841E107633073A /* [CP] Copy Pods Resources */ = {
			isa = PBXShellScriptBuildPhase;
			buildActionMask = 2147483647;
			files = (
			);
			inputPaths = (
			);
			name = "[CP] Copy Pods Resources";
			outputPaths = (
			);
			runOnlyForDeploymentPostprocessing = 0;
			shellPath = /bin/sh;
			shellScript = "\"${SRCROOT}/Pods/Target Support Files/Pods-FaceIdentification/Pods-FaceIdentification-resources.sh\"\n";
			showEnvVarsInLog = 0;
		};
		4C461986993D30B2643AAAC6 /* [CP] Check Pods Manifest.lock */ = {
			isa = PBXShellScriptBuildPhase;
			buildActionMask = 2147483647;
			files = (
			);
			inputPaths = (
				"${PODS_PODFILE_DIR_PATH}/Podfile.lock",
				"${PODS_ROOT}/Manifest.lock",
			);
			name = "[CP] Check Pods Manifest.lock";
			outputPaths = (
				"$(DERIVED_FILE_DIR)/Pods-FaceIdentification-checkManifestLockResult.txt",
			);
			runOnlyForDeploymentPostprocessing = 0;
			shellPath = /bin/sh;
			shellScript = "diff \"${PODS_PODFILE_DIR_PATH}/Podfile.lock\" \"${PODS_ROOT}/Manifest.lock\" > /dev/null\nif [ $? != 0 ] ; then\n    # print error to STDERR\n    echo \"error: The sandbox is not in sync with the Podfile.lock. Run 'pod install' or update your CocoaPods installation.\" >&2\n    exit 1\nfi\n# This output is used by Xcode 'outputs' to avoid re-running this script phase.\necho \"SUCCESS\" > \"${SCRIPT_OUTPUT_FILE_0}\"\n";
			showEnvVarsInLog = 0;
		};
		E2AD9C9E36FD62FA0E7B69CC /* [CP] Embed Pods Frameworks */ = {
			isa = PBXShellScriptBuildPhase;
			buildActionMask = 2147483647;
			files = (
			);
			inputPaths = (
				"${SRCROOT}/Pods/Target Support Files/Pods-FaceIdentification/Pods-FaceIdentification-frameworks.sh",
				"${BUILT_PRODUCTS_DIR}/ProjectOxfordFace/ProjectOxfordFace.framework",
			);
			name = "[CP] Embed Pods Frameworks";
			outputPaths = (
				"${TARGET_BUILD_DIR}/${FRAMEWORKS_FOLDER_PATH}/ProjectOxfordFace.framework",
			);
			runOnlyForDeploymentPostprocessing = 0;
			shellPath = /bin/sh;
			shellScript = "\"${SRCROOT}/Pods/Target Support Files/Pods-FaceIdentification/Pods-FaceIdentification-frameworks.sh\"\n";
			showEnvVarsInLog = 0;
		};
/* End PBXShellScriptBuildPhase section */

/* Begin PBXSourcesBuildPhase section */
		AE22379920DBB735008048AD /* Sources */ = {
			isa = PBXSourcesBuildPhase;
			buildActionMask = 2147483647;
			files = (
				AE2237A320DBB735008048AD /* ViewController.swift in Sources */,
				AE90BEBE20E281740094FF8E /* FaceCollectionViewCell.swift in Sources */,
				AE90BEBC20E26B410094FF8E /* PersonFaceCollectionViewCell.swift in Sources */,
				AE90BEBA20E26B2C0094FF8E /* GroupPersonCollectionViewCell.swift in Sources */,
				AE877DE120E3C6B0003F4F4C /* DetectFaceTableViewCell.swift in Sources */,
				AE986C3C20DCD27B00F9585D /* PersonViewController.swift in Sources */,
				AE986C3820DCD24600F9585D /* PersonGroupListViewController.swift in Sources */,
				AE2237BB20DBBE1D008048AD /* PersonFace.swift in Sources */,
				AE986C3420DCD1FD00F9585D /* IdentificationViewController.swift in Sources */,
				AE2237BF20DBCAC6008048AD /* GroupPerson.swift in Sources */,
				AE986C3A20DCD26200F9585D /* PersonGroupViewController.swift in Sources */,
				AE2237A920DBB735008048AD /* FaceIdentification.xcdatamodeld in Sources */,
				AE90BEB820E21B760094FF8E /* IdentificationTableViewCell.swift in Sources */,
				AE2237BD20DBC537008048AD /* PersonGroup.swift in Sources */,
				AE986C3620DCD22000F9585D /* SelectImageViewController.swift in Sources */,
				AE986C3020DCBAEC00F9585D /* HomeViewController.swift in Sources */,
				AE986C3E20DCD30900F9585D /* AddFacesToPersonViewController.swift in Sources */,
				AE986C3220DCD1ED00F9585D /* DetectionViewController.swift in Sources */,
				AE2237A120DBB735008048AD /* AppDelegate.swift in Sources */,
			);
			runOnlyForDeploymentPostprocessing = 0;
		};
/* End PBXSourcesBuildPhase section */

/* Begin PBXVariantGroup section */
		AE2237A420DBB735008048AD /* Main.storyboard */ = {
			isa = PBXVariantGroup;
			children = (
				AE2237A520DBB735008048AD /* Base */,
			);
			name = Main.storyboard;
			sourceTree = "<group>";
		};
		AE2237AC20DBB735008048AD /* LaunchScreen.storyboard */ = {
			isa = PBXVariantGroup;
			children = (
				AE2237AD20DBB735008048AD /* Base */,
			);
			name = LaunchScreen.storyboard;
			sourceTree = "<group>";
		};
/* End PBXVariantGroup section */

/* Begin XCBuildConfiguration section */
		AE2237B020DBB735008048AD /* Debug */ = {
			isa = XCBuildConfiguration;
			buildSettings = {
				ALWAYS_SEARCH_USER_PATHS = NO;
				CLANG_ANALYZER_NONNULL = YES;
				CLANG_ANALYZER_NUMBER_OBJECT_CONVERSION = YES_AGGRESSIVE;
				CLANG_CXX_LANGUAGE_STANDARD = "gnu++14";
				CLANG_CXX_LIBRARY = "libc++";
				CLANG_ENABLE_MODULES = YES;
				CLANG_ENABLE_OBJC_ARC = YES;
				CLANG_WARN_BLOCK_CAPTURE_AUTORELEASING = YES;
				CLANG_WARN_BOOL_CONVERSION = YES;
				CLANG_WARN_COMMA = YES;
				CLANG_WARN_CONSTANT_CONVERSION = YES;
				CLANG_WARN_DIRECT_OBJC_ISA_USAGE = YES_ERROR;
				CLANG_WARN_DOCUMENTATION_COMMENTS = YES;
				CLANG_WARN_EMPTY_BODY = YES;
				CLANG_WARN_ENUM_CONVERSION = YES;
				CLANG_WARN_INFINITE_RECURSION = YES;
				CLANG_WARN_INT_CONVERSION = YES;
				CLANG_WARN_NON_LITERAL_NULL_CONVERSION = YES;
				CLANG_WARN_OBJC_LITERAL_CONVERSION = YES;
				CLANG_WARN_OBJC_ROOT_CLASS = YES_ERROR;
				CLANG_WARN_RANGE_LOOP_ANALYSIS = YES;
				CLANG_WARN_STRICT_PROTOTYPES = YES;
				CLANG_WARN_SUSPICIOUS_MOVE = YES;
				CLANG_WARN_UNGUARDED_AVAILABILITY = YES_AGGRESSIVE;
				CLANG_WARN_UNREACHABLE_CODE = YES;
				CLANG_WARN__DUPLICATE_METHOD_MATCH = YES;
				CODE_SIGN_IDENTITY = "iPhone Developer";
				COPY_PHASE_STRIP = NO;
				DEBUG_INFORMATION_FORMAT = dwarf;
				ENABLE_STRICT_OBJC_MSGSEND = YES;
				ENABLE_TESTABILITY = YES;
				GCC_C_LANGUAGE_STANDARD = gnu11;
				GCC_DYNAMIC_NO_PIC = NO;
				GCC_NO_COMMON_BLOCKS = YES;
				GCC_OPTIMIZATION_LEVEL = 0;
				GCC_PREPROCESSOR_DEFINITIONS = (
					"DEBUG=1",
					"$(inherited)",
				);
				GCC_WARN_64_TO_32_BIT_CONVERSION = YES;
				GCC_WARN_ABOUT_RETURN_TYPE = YES_ERROR;
				GCC_WARN_UNDECLARED_SELECTOR = YES;
				GCC_WARN_UNINITIALIZED_AUTOS = YES_AGGRESSIVE;
				GCC_WARN_UNUSED_FUNCTION = YES;
				GCC_WARN_UNUSED_VARIABLE = YES;
				IPHONEOS_DEPLOYMENT_TARGET = 11.2;
				MTL_ENABLE_DEBUG_INFO = YES;
				ONLY_ACTIVE_ARCH = YES;
				SDKROOT = iphoneos;
				SWIFT_ACTIVE_COMPILATION_CONDITIONS = DEBUG;
				SWIFT_OPTIMIZATION_LEVEL = "-Onone";
			};
			name = Debug;
		};
		AE2237B120DBB735008048AD /* Release */ = {
			isa = XCBuildConfiguration;
			buildSettings = {
				ALWAYS_SEARCH_USER_PATHS = NO;
				CLANG_ANALYZER_NONNULL = YES;
				CLANG_ANALYZER_NUMBER_OBJECT_CONVERSION = YES_AGGRESSIVE;
				CLANG_CXX_LANGUAGE_STANDARD = "gnu++14";
				CLANG_CXX_LIBRARY = "libc++";
				CLANG_ENABLE_MODULES = YES;
				CLANG_ENABLE_OBJC_ARC = YES;
				CLANG_WARN_BLOCK_CAPTURE_AUTORELEASING = YES;
				CLANG_WARN_BOOL_CONVERSION = YES;
				CLANG_WARN_COMMA = YES;
				CLANG_WARN_CONSTANT_CONVERSION = YES;
				CLANG_WARN_DIRECT_OBJC_ISA_USAGE = YES_ERROR;
				CLANG_WARN_DOCUMENTATION_COMMENTS = YES;
				CLANG_WARN_EMPTY_BODY = YES;
				CLANG_WARN_ENUM_CONVERSION = YES;
				CLANG_WARN_INFINITE_RECURSION = YES;
				CLANG_WARN_INT_CONVERSION = YES;
				CLANG_WARN_NON_LITERAL_NULL_CONVERSION = YES;
				CLANG_WARN_OBJC_LITERAL_CONVERSION = YES;
				CLANG_WARN_OBJC_ROOT_CLASS = YES_ERROR;
				CLANG_WARN_RANGE_LOOP_ANALYSIS = YES;
				CLANG_WARN_STRICT_PROTOTYPES = YES;
				CLANG_WARN_SUSPICIOUS_MOVE = YES;
				CLANG_WARN_UNGUARDED_AVAILABILITY = YES_AGGRESSIVE;
				CLANG_WARN_UNREACHABLE_CODE = YES;
				CLANG_WARN__DUPLICATE_METHOD_MATCH = YES;
				CODE_SIGN_IDENTITY = "iPhone Developer";
				COPY_PHASE_STRIP = NO;
				DEBUG_INFORMATION_FORMAT = "dwarf-with-dsym";
				ENABLE_NS_ASSERTIONS = NO;
				ENABLE_STRICT_OBJC_MSGSEND = YES;
				GCC_C_LANGUAGE_STANDARD = gnu11;
				GCC_NO_COMMON_BLOCKS = YES;
				GCC_WARN_64_TO_32_BIT_CONVERSION = YES;
				GCC_WARN_ABOUT_RETURN_TYPE = YES_ERROR;
				GCC_WARN_UNDECLARED_SELECTOR = YES;
				GCC_WARN_UNINITIALIZED_AUTOS = YES_AGGRESSIVE;
				GCC_WARN_UNUSED_FUNCTION = YES;
				GCC_WARN_UNUSED_VARIABLE = YES;
				IPHONEOS_DEPLOYMENT_TARGET = 11.2;
				MTL_ENABLE_DEBUG_INFO = NO;
				SDKROOT = iphoneos;
				SWIFT_OPTIMIZATION_LEVEL = "-Owholemodule";
				VALIDATE_PRODUCT = YES;
			};
			name = Release;
		};
		AE2237B320DBB735008048AD /* Debug */ = {
			isa = XCBuildConfiguration;
			baseConfigurationReference = BDDDDCBF2508644336F6BB29 /* Pods-FaceIdentification.debug.xcconfig */;
			buildSettings = {
				ASSETCATALOG_COMPILER_APPICON_NAME = AppIcon;
				CLANG_ENABLE_MODULES = YES;
				CODE_SIGN_STYLE = Automatic;
				DEVELOPMENT_TEAM = J6LPTF9P9H;
				INFOPLIST_FILE = FaceIdentification/Info.plist;
				IPHONEOS_DEPLOYMENT_TARGET = 10.0;
				LD_RUNPATH_SEARCH_PATHS = "$(inherited) @executable_path/Frameworks";
				PRODUCT_BUNDLE_IDENTIFIER = iDev.com.FaceIdentification;
				PRODUCT_NAME = "$(TARGET_NAME)";
				SWIFT_OBJC_BRIDGING_HEADER = "FaceIdentification/FaceIdentification-Bridging-Header.h";
				SWIFT_OPTIMIZATION_LEVEL = "-Onone";
				SWIFT_VERSION = 4.0;
				TARGETED_DEVICE_FAMILY = "1,2";
			};
			name = Debug;
		};
		AE2237B420DBB735008048AD /* Release */ = {
			isa = XCBuildConfiguration;
			baseConfigurationReference = B52139AC756E3FA640940F8E /* Pods-FaceIdentification.release.xcconfig */;
			buildSettings = {
				ASSETCATALOG_COMPILER_APPICON_NAME = AppIcon;
				CLANG_ENABLE_MODULES = YES;
				CODE_SIGN_STYLE = Automatic;
				DEVELOPMENT_TEAM = J6LPTF9P9H;
				INFOPLIST_FILE = FaceIdentification/Info.plist;
				IPHONEOS_DEPLOYMENT_TARGET = 10.0;
				LD_RUNPATH_SEARCH_PATHS = "$(inherited) @executable_path/Frameworks";
				PRODUCT_BUNDLE_IDENTIFIER = iDev.com.FaceIdentification;
				PRODUCT_NAME = "$(TARGET_NAME)";
				SWIFT_OBJC_BRIDGING_HEADER = "FaceIdentification/FaceIdentification-Bridging-Header.h";
				SWIFT_VERSION = 4.0;
				TARGETED_DEVICE_FAMILY = "1,2";
			};
			name = Release;
		};
/* End XCBuildConfiguration section */

/* Begin XCConfigurationList section */
		AE22379820DBB735008048AD /* Build configuration list for PBXProject "FaceIdentification" */ = {
			isa = XCConfigurationList;
			buildConfigurations = (
				AE2237B020DBB735008048AD /* Debug */,
				AE2237B120DBB735008048AD /* Release */,
			);
			defaultConfigurationIsVisible = 0;
			defaultConfigurationName = Release;
		};
		AE2237B220DBB735008048AD /* Build configuration list for PBXNativeTarget "FaceIdentification" */ = {
			isa = XCConfigurationList;
			buildConfigurations = (
				AE2237B320DBB735008048AD /* Debug */,
				AE2237B420DBB735008048AD /* Release */,
			);
			defaultConfigurationIsVisible = 0;
			defaultConfigurationName = Release;
		};
/* End XCConfigurationList section */

/* Begin XCVersionGroup section */
		AE2237A720DBB735008048AD /* FaceIdentification.xcdatamodeld */ = {
			isa = XCVersionGroup;
			children = (
				AE2237A820DBB735008048AD /* FaceIdentification.xcdatamodel */,
			);
			currentVersion = AE2237A820DBB735008048AD /* FaceIdentification.xcdatamodel */;
			path = FaceIdentification.xcdatamodeld;
			sourceTree = "<group>";
			versionGroupType = wrapper.xcdatamodel;
		};
/* End XCVersionGroup section */
	};
	rootObject = AE22379520DBB735008048AD /* Project object */;
}
