// !$*UTF8*$!
{
	archiveVersion = 1;
	classes = {
	};
	objectVersion = 48;
	objects = {

/* Begin PBXBuildFile section */
		AE2237A120DBB735008048AD /* AppDelegate.swift in Sources */ = {isa = PBXBuildFile; fileRef = AE2237A020DBB735008048AD /* AppDelegate.swift */; };
		AE2237A320DBB735008048AD /* ViewController.swift in Sources */ = {isa = PBXBuildFile; fileRef = AE2237A220DBB735008048AD /* ViewController.swift */; };
		AE2237A620DBB735008048AD /* Main.storyboard in Resources */ = {isa = PBXBuildFile; fileRef = AE2237A420DBB735008048AD /* Main.storyboard */; };
		AE2237A920DBB735008048AD /* FaceIdentification.xcdatamodeld in Sources */ = {isa = PBXBuildFile; fileRef = AE2237A720DBB735008048AD /* FaceIdentification.xcdatamodeld */; };
		AE2237AB20DBB735008048AD /* Assets.xcassets in Resources */ = {isa = PBXBuildFile; fileRef = AE2237AA20DBB735008048AD /* Assets.xcassets */; };
		AE2237AE20DBB735008048AD /* LaunchScreen.storyboard in Resources */ = {isa = PBXBuildFile; fileRef = AE2237AC20DBB735008048AD /* LaunchScreen.storyboard */; };
/* End PBXBuildFile section */

/* Begin PBXFileReference section */
		AE22379D20DBB735008048AD /* FaceIdentification.app */ = {isa = PBXFileReference; explicitFileType = wrapper.application; includeInIndex = 0; path = FaceIdentification.app; sourceTree = BUILT_PRODUCTS_DIR; };
		AE2237A020DBB735008048AD /* AppDelegate.swift */ = {isa = PBXFileReference; lastKnownFileType = sourcecode.swift; path = AppDelegate.swift; sourceTree = "<group>"; };
		AE2237A220DBB735008048AD /* ViewController.swift */ = {isa = PBXFileReference; lastKnownFileType = sourcecode.swift; path = ViewController.swift; sourceTree = "<group>"; };
		AE2237A520DBB735008048AD /* Base */ = {isa = PBXFileReference; lastKnownFileType = file.storyboard; name = Base; path = Base.lproj/Main.storyboard; sourceTree = "<group>"; };
		AE2237A820DBB735008048AD /* FaceIdentification.xcdatamodel */ = {isa = PBXFileReference; lastKnownFileType = wrapper.xcdatamodel; path = FaceIdentification.xcdatamodel; sourceTree = "<group>"; };
		AE2237AA20DBB735008048AD /* Assets.xcassets */ = {isa = PBXFileReference; lastKnownFileType = folder.assetcatalog; path = Assets.xcassets; sourceTree = "<group>"; };
		AE2237AD20DBB735008048AD /* Base */ = {isa = PBXFileReference; lastKnownFileType = file.storyboard; name = Base; path = Base.lproj/LaunchScreen.storyboard; sourceTree = "<group>"; };
		AE2237AF20DBB735008048AD /* Info.plist */ = {isa = PBXFileReference; lastKnownFileType = text.plist.xml; path = Info.plist; sourceTree = "<group>"; };
/* End PBXFileReference section */

/* Begin PBXFrameworksBuildPhase section */
		AE22379A20DBB735008048AD /* Frameworks */ = {
			isa = PBXFrameworksBuildPhase;
			buildActionMask = 2147483647;
			files = (
			);
			runOnlyForDeploymentPostprocessing = 0;
		};
/* End PBXFrameworksBuildPhase section */

/* Begin PBXGroup section */
		AE22379420DBB735008048AD = {
			isa = PBXGroup;
			children = (
				AE22379F20DBB735008048AD /* FaceIdentification */,
				AE22379E20DBB735008048AD /* Products */,
			);
			sourceTree = "<group>";
		};
		AE22379E20DBB735008048AD /* Products */ = {
			isa = PBXGroup;
			children = (
				AE22379D20DBB735008048AD /* FaceIdentification.app */,
			);
			name = Products;
			sourceTree = "<group>";
		};
		AE22379F20DBB735008048AD /* FaceIdentification */ = {
			isa = PBXGroup;
			children = (
				AE2237A020DBB735008048AD /* AppDelegate.swift */,
				AE2237A220DBB735008048AD /* ViewController.swift */,
				AE2237A420DBB735008048AD /* Main.storyboard */,
				AE2237AA20DBB735008048AD /* Assets.xcassets */,
				AE2237AC20DBB735008048AD /* LaunchScreen.storyboard */,
				AE2237AF20DBB735008048AD /* Info.plist */,
				AE2237A720DBB735008048AD /* FaceIdentification.xcdatamodeld */,
			);
			path = FaceIdentification;
			sourceTree = "<group>";
		};
/* End PBXGroup section */

/* Begin PBXNativeTarget section */
		AE22379C20DBB735008048AD /* FaceIdentification */ = {
			isa = PBXNativeTarget;
			buildConfigurationList = AE2237B220DBB735008048AD /* Build configuration list for PBXNativeTarget "FaceIdentification" */;
			buildPhases = (
				AE22379920DBB735008048AD /* Sources */,
				AE22379A20DBB735008048AD /* Frameworks */,
				AE22379B20DBB735008048AD /* Resources */,
			);
			buildRules = (
			);
			dependencies = (
			);
			name = FaceIdentification;
			productName = FaceIdentification;
			productReference = AE22379D20DBB735008048AD /* FaceIdentification.app */;
			productType = "com.apple.product-type.application";
		};
/* End PBXNativeTarget section */

/* Begin PBXProject section */
		AE22379520DBB735008048AD /* Project object */ = {
			isa = PBXProject;
			attributes = {
				LastSwiftUpdateCheck = 0920;
				LastUpgradeCheck = 0920;
				ORGANIZATIONNAME = iDev;
				TargetAttributes = {
					AE22379C20DBB735008048AD = {
						CreatedOnToolsVersion = 9.2;
						ProvisioningStyle = Automatic;
					};
				};
			};
			buildConfigurationList = AE22379820DBB735008048AD /* Build configuration list for PBXProject "FaceIdentification" */;
			compatibilityVersion = "Xcode 8.0";
			developmentRegion = en;
			hasScannedForEncodings = 0;
			knownRegions = (
				en,
				Base,
			);
			mainGroup = AE22379420DBB735008048AD;
			productRefGroup = AE22379E20DBB735008048AD /* Products */;
			projectDirPath = "";
			projectRoot = "";
			targets = (
				AE22379C20DBB735008048AD /* FaceIdentification */,
			);
		};
/* End PBXProject section */

/* Begin PBXResourcesBuildPhase section */
		AE22379B20DBB735008048AD /* Resources */ = {
			isa = PBXResourcesBuildPhase;
			buildActionMask = 2147483647;
			files = (
				AE2237AE20DBB735008048AD /* LaunchScreen.storyboard in Resources */,
				AE2237AB20DBB735008048AD /* Assets.xcassets in Resources */,
				AE2237A620DBB735008048AD /* Main.storyboard in Resources */,
			);
			runOnlyForDeploymentPostprocessing = 0;
		};
/* End PBXResourcesBuildPhase section */

/* Begin PBXSourcesBuildPhase section */
		AE22379920DBB735008048AD /* Sources */ = {
			isa = PBXSourcesBuildPhase;
			buildActionMask = 2147483647;
			files = (
				AE2237A320DBB735008048AD /* ViewController.swift in Sources */,
				AE2237A920DBB735008048AD /* FaceIdentification.xcdatamodeld in Sources */,
				AE2237A120DBB735008048AD /* AppDelegate.swift in Sources */,
			);
			runOnlyForDeploymentPostprocessing = 0;
		};
/* End PBXSourcesBuildPhase section */

/* Begin PBXVariantGroup section */
		AE2237A420DBB735008048AD /* Main.storyboard */ = {
			isa = PBXVariantGroup;
			children = (
				AE2237A520DBB735008048AD /* Base */,
			);
			name = Main.storyboard;
			sourceTree = "<group>";
		};
		AE2237AC20DBB735008048AD /* LaunchScreen.storyboard */ = {
			isa = PBXVariantGroup;
			children = (
				AE2237AD20DBB735008048AD /* Base */,
			);
			name = LaunchScreen.storyboard;
			sourceTree = "<group>";
		};
/* End PBXVariantGroup section */

/* Begin XCBuildConfiguration section */
		AE2237B020DBB735008048AD /* Debug */ = {
			isa = XCBuildConfiguration;
			buildSettings = {
				ALWAYS_SEARCH_USER_PATHS = NO;
				CLANG_ANALYZER_NONNULL = YES;
				CLANG_ANALYZER_NUMBER_OBJECT_CONVERSION = YES_AGGRESSIVE;
				CLANG_CXX_LANGUAGE_STANDARD = "gnu++14";
				CLANG_CXX_LIBRARY = "libc++";
				CLANG_ENABLE_MODULES = YES;
				CLANG_ENABLE_OBJC_ARC = YES;
				CLANG_WARN_BLOCK_CAPTURE_AUTORELEASING = YES;
				CLANG_WARN_BOOL_CONVERSION = YES;
				CLANG_WARN_COMMA = YES;
				CLANG_WARN_CONSTANT_CONVERSION = YES;
				CLANG_WARN_DIRECT_OBJC_ISA_USAGE = YES_ERROR;
				CLANG_WARN_DOCUMENTATION_COMMENTS = YES;
				CLANG_WARN_EMPTY_BODY = YES;
				CLANG_WARN_ENUM_CONVERSION = YES;
				CLANG_WARN_INFINITE_RECURSION = YES;
				CLANG_WARN_INT_CONVERSION = YES;
				CLANG_WARN_NON_LITERAL_NULL_CONVERSION = YES;
				CLANG_WARN_OBJC_LITERAL_CONVERSION = YES;
				CLANG_WARN_OBJC_ROOT_CLASS = YES_ERROR;
				CLANG_WARN_RANGE_LOOP_ANALYSIS = YES;
				CLANG_WARN_STRICT_PROTOTYPES = YES;
				CLANG_WARN_SUSPICIOUS_MOVE = YES;
				CLANG_WARN_UNGUARDED_AVAILABILITY = YES_AGGRESSIVE;
				CLANG_WARN_UNREACHABLE_CODE = YES;
				CLANG_WARN__DUPLICATE_METHOD_MATCH = YES;
				CODE_SIGN_IDENTITY = "iPhone Developer";
				COPY_PHASE_STRIP = NO;
				DEBUG_INFORMATION_FORMAT = dwarf;
				ENABLE_STRICT_OBJC_MSGSEND = YES;
				ENABLE_TESTABILITY = YES;
				GCC_C_LANGUAGE_STANDARD = gnu11;
				GCC_DYNAMIC_NO_PIC = NO;
				GCC_NO_COMMON_BLOCKS = YES;
				GCC_OPTIMIZATION_LEVEL = 0;
				GCC_PREPROCESSOR_DEFINITIONS = (
					"DEBUG=1",
					"$(inherited)",
				);
				GCC_WARN_64_TO_32_BIT_CONVERSION = YES;
				GCC_WARN_ABOUT_RETURN_TYPE = YES_ERROR;
				GCC_WARN_UNDECLARED_SELECTOR = YES;
				GCC_WARN_UNINITIALIZED_AUTOS = YES_AGGRESSIVE;
				GCC_WARN_UNUSED_FUNCTION = YES;
				GCC_WARN_UNUSED_VARIABLE = YES;
				IPHONEOS_DEPLOYMENT_TARGET = 11.2;
				MTL_ENABLE_DEBUG_INFO = YES;
				ONLY_ACTIVE_ARCH = YES;
				SDKROOT = iphoneos;
				SWIFT_ACTIVE_COMPILATION_CONDITIONS = DEBUG;
				SWIFT_OPTIMIZATION_LEVEL = "-Onone";
			};
			name = Debug;
		};
		AE2237B120DBB735008048AD /* Release */ = {
			isa = XCBuildConfiguration;
			buildSettings = {
				ALWAYS_SEARCH_USER_PATHS = NO;
				CLANG_ANALYZER_NONNULL = YES;
				CLANG_ANALYZER_NUMBER_OBJECT_CONVERSION = YES_AGGRESSIVE;
				CLANG_CXX_LANGUAGE_STANDARD = "gnu++14";
				CLANG_CXX_LIBRARY = "libc++";
				CLANG_ENABLE_MODULES = YES;
				CLANG_ENABLE_OBJC_ARC = YES;
				CLANG_WARN_BLOCK_CAPTURE_AUTORELEASING = YES;
				CLANG_WARN_BOOL_CONVERSION = YES;
				CLANG_WARN_COMMA = YES;
				CLANG_WARN_CONSTANT_CONVERSION = YES;
				CLANG_WARN_DIRECT_OBJC_ISA_USAGE = YES_ERROR;
				CLANG_WARN_DOCUMENTATION_COMMENTS = YES;
				CLANG_WARN_EMPTY_BODY = YES;
				CLANG_WARN_ENUM_CONVERSION = YES;
				CLANG_WARN_INFINITE_RECURSION = YES;
				CLANG_WARN_INT_CONVERSION = YES;
				CLANG_WARN_NON_LITERAL_NULL_CONVERSION = YES;
				CLANG_WARN_OBJC_LITERAL_CONVERSION = YES;
				CLANG_WARN_OBJC_ROOT_CLASS = YES_ERROR;
				CLANG_WARN_RANGE_LOOP_ANALYSIS = YES;
				CLANG_WARN_STRICT_PROTOTYPES = YES;
				CLANG_WARN_SUSPICIOUS_MOVE = YES;
				CLANG_WARN_UNGUARDED_AVAILABILITY = YES_AGGRESSIVE;
				CLANG_WARN_UNREACHABLE_CODE = YES;
				CLANG_WARN__DUPLICATE_METHOD_MATCH = YES;
				CODE_SIGN_IDENTITY = "iPhone Developer";
				COPY_PHASE_STRIP = NO;
				DEBUG_INFORMATION_FORMAT = "dwarf-with-dsym";
				ENABLE_NS_ASSERTIONS = NO;
				ENABLE_STRICT_OBJC_MSGSEND = YES;
				GCC_C_LANGUAGE_STANDARD = gnu11;
				GCC_NO_COMMON_BLOCKS = YES;
				GCC_WARN_64_TO_32_BIT_CONVERSION = YES;
				GCC_WARN_ABOUT_RETURN_TYPE = YES_ERROR;
				GCC_WARN_UNDECLARED_SELECTOR = YES;
				GCC_WARN_UNINITIALIZED_AUTOS = YES_AGGRESSIVE;
				GCC_WARN_UNUSED_FUNCTION = YES;
				GCC_WARN_UNUSED_VARIABLE = YES;
				IPHONEOS_DEPLOYMENT_TARGET = 11.2;
				MTL_ENABLE_DEBUG_INFO = NO;
				SDKROOT = iphoneos;
				SWIFT_OPTIMIZATION_LEVEL = "-Owholemodule";
				VALIDATE_PRODUCT = YES;
			};
			name = Release;
		};
		AE2237B320DBB735008048AD /* Debug */ = {
			isa = XCBuildConfiguration;
			buildSettings = {
				ASSETCATALOG_COMPILER_APPICON_NAME = AppIcon;
				CODE_SIGN_STYLE = Automatic;
				DEVELOPMENT_TEAM = J6LPTF9P9H;
				INFOPLIST_FILE = FaceIdentification/Info.plist;
				LD_RUNPATH_SEARCH_PATHS = "$(inherited) @executable_path/Frameworks";
				PRODUCT_BUNDLE_IDENTIFIER = iDev.com.FaceIdentification;
				PRODUCT_NAME = "$(TARGET_NAME)";
				SWIFT_VERSION = 4.0;
				TARGETED_DEVICE_FAMILY = "1,2";
			};
			name = Debug;
		};
		AE2237B420DBB735008048AD /* Release */ = {
			isa = XCBuildConfiguration;
			buildSettings = {
				ASSETCATALOG_COMPILER_APPICON_NAME = AppIcon;
				CODE_SIGN_STYLE = Automatic;
				DEVELOPMENT_TEAM = J6LPTF9P9H;
				INFOPLIST_FILE = FaceIdentification/Info.plist;
				LD_RUNPATH_SEARCH_PATHS = "$(inherited) @executable_path/Frameworks";
				PRODUCT_BUNDLE_IDENTIFIER = iDev.com.FaceIdentification;
				PRODUCT_NAME = "$(TARGET_NAME)";
				SWIFT_VERSION = 4.0;
				TARGETED_DEVICE_FAMILY = "1,2";
			};
			name = Release;
		};
/* End XCBuildConfiguration section */

/* Begin XCConfigurationList section */
		AE22379820DBB735008048AD /* Build configuration list for PBXProject "FaceIdentification" */ = {
			isa = XCConfigurationList;
			buildConfigurations = (
				AE2237B020DBB735008048AD /* Debug */,
				AE2237B120DBB735008048AD /* Release */,
			);
			defaultConfigurationIsVisible = 0;
			defaultConfigurationName = Release;
		};
		AE2237B220DBB735008048AD /* Build configuration list for PBXNativeTarget "FaceIdentification" */ = {
			isa = XCConfigurationList;
			buildConfigurations = (
				AE2237B320DBB735008048AD /* Debug */,
				AE2237B420DBB735008048AD /* Release */,
			);
			defaultConfigurationIsVisible = 0;
			defaultConfigurationName = Release;
		};
/* End XCConfigurationList section */

/* Begin XCVersionGroup section */
		AE2237A720DBB735008048AD /* FaceIdentification.xcdatamodeld */ = {
			isa = XCVersionGroup;
			children = (
				AE2237A820DBB735008048AD /* FaceIdentification.xcdatamodel */,
			);
			currentVersion = AE2237A820DBB735008048AD /* FaceIdentification.xcdatamodel */;
			path = FaceIdentification.xcdatamodeld;
			sourceTree = "<group>";
			versionGroupType = wrapper.xcdatamodel;
		};
/* End XCVersionGroup section */
	};
	rootObject = AE22379520DBB735008048AD /* Project object */;
}
